
Microsoft Visual Studio Solution File, Format Version 11.00
# Visual Studio 2010
Project("{FAE04EC0-301F-11D3-BF4B-00C04F79EFBC}") = "Incendiary", "Assembly-CSharp-firstpass.csproj", "{F992E00B-479B-961A-DA10-6A9AD5025647}"
EndProject
Project("{FAE04EC0-301F-11D3-BF4B-00C04F79EFBC}") = "Incendiary", "Assembly-CSharp.csproj", "{FF3DC3DA-4C81-73F4-2E41-61B31F24D768}"
EndProject
Project("{FAE04EC0-301F-11D3-BF4B-00C04F79EFBC}") = "Incendiary", "Assembly-CSharp-Editor-firstpass.csproj", "{C9BD36BF-ECB0-4897-62BD-58D13A80F38D}"
EndProject
Project("{FAE04EC0-301F-11D3-BF4B-00C04F79EFBC}") = "Incendiary", "Assembly-CSharp-Editor.csproj", "{6AB2483A-ACDF-0B27-4194-C02D0C0C18E0}"
EndProject
Global
	GlobalSection(SolutionConfigurationPlatforms) = preSolution
		Debug|Any CPU = Debug|Any CPU
		Release|Any CPU = Release|Any CPU
	EndGlobalSection
	GlobalSection(ProjectConfigurationPlatforms) = postSolution
		{F992E00B-479B-961A-DA10-6A9AD5025647}.Debug|Any CPU.ActiveCfg = Debug|Any CPU
		{F992E00B-479B-961A-DA10-6A9AD5025647}.Debug|Any CPU.Build.0 = Debug|Any CPU
		{F992E00B-479B-961A-DA10-6A9AD5025647}.Release|Any CPU.ActiveCfg = Release|Any CPU
		{F992E00B-479B-961A-DA10-6A9AD5025647}.Release|Any CPU.Build.0 = Release|Any CPU
		{FF3DC3DA-4C81-73F4-2E41-61B31F24D768}.Debug|Any CPU.ActiveCfg = Debug|Any CPU
		{FF3DC3DA-4C81-73F4-2E41-61B31F24D768}.Debug|Any CPU.Build.0 = Debug|Any CPU
		{FF3DC3DA-4C81-73F4-2E41-61B31F24D768}.Release|Any CPU.ActiveCfg = Release|Any CPU
		{FF3DC3DA-4C81-73F4-2E41-61B31F24D768}.Release|Any CPU.Build.0 = Release|Any CPU
		{C9BD36BF-ECB0-4897-62BD-58D13A80F38D}.Debug|Any CPU.ActiveCfg = Debug|Any CPU
		{C9BD36BF-ECB0-4897-62BD-58D13A80F38D}.Debug|Any CPU.Build.0 = Debug|Any CPU
		{C9BD36BF-ECB0-4897-62BD-58D13A80F38D}.Release|Any CPU.ActiveCfg = Release|Any CPU
		{C9BD36BF-ECB0-4897-62BD-58D13A80F38D}.Release|Any CPU.Build.0 = Release|Any CPU
		{6AB2483A-ACDF-0B27-4194-C02D0C0C18E0}.Debug|Any CPU.ActiveCfg = Debug|Any CPU
		{6AB2483A-ACDF-0B27-4194-C02D0C0C18E0}.Debug|Any CPU.Build.0 = Debug|Any CPU
		{6AB2483A-ACDF-0B27-4194-C02D0C0C18E0}.Release|Any CPU.ActiveCfg = Release|Any CPU
		{6AB2483A-ACDF-0B27-4194-C02D0C0C18E0}.Release|Any CPU.Build.0 = Release|Any CPU
	EndGlobalSection
	GlobalSection(SolutionProperties) = preSolution
		HideSolutionNode = FALSE
	EndGlobalSection
	GlobalSection(MonoDevelopProperties) = preSolution
		StartupItem = Assembly-CSharp.csproj
	EndGlobalSection
EndGlobal
